// !$*UTF8*$!
{
	archiveVersion = 1;
	classes = {
	};
	objectVersion = 55;
	objects = {

/* Begin PBXBuildFile section */
		B0063BB52986714400FE32AC /* SettingColorViewController.swift in Sources */ = {isa = PBXBuildFile; fileRef = B0063BB42986714400FE32AC /* SettingColorViewController.swift */; };
		B0063BB72986739D00FE32AC /* SettingColorRGB.swift in Sources */ = {isa = PBXBuildFile; fileRef = B0063BB62986739D00FE32AC /* SettingColorRGB.swift */; };
		B00FDDC129867CC500F8F92F /* SF-Pro-Text-Semibold.otf in Resources */ = {isa = PBXBuildFile; fileRef = B00FDDC029867CC500F8F92F /* SF-Pro-Text-Semibold.otf */; };
		B00FDDC72986B94600F8F92F /* ColorPickerButton.swift in Sources */ = {isa = PBXBuildFile; fileRef = B00FDDC62986B94600F8F92F /* ColorPickerButton.swift */; };
		B00FDDC929892D6500F8F92F /* BlurGradientView.swift in Sources */ = {isa = PBXBuildFile; fileRef = B00FDDC829892D6500F8F92F /* BlurGradientView.swift */; };
		B02630812971CC26003E94AB /* ImageScrollView.swift in Sources */ = {isa = PBXBuildFile; fileRef = B02630802971CC26003E94AB /* ImageScrollView.swift */; };
		B05DE14428F475CB0082A662 /* AppDelegate.swift in Sources */ = {isa = PBXBuildFile; fileRef = B05DE14328F475CB0082A662 /* AppDelegate.swift */; };
		B05DE14628F475CB0082A662 /* SceneDelegate.swift in Sources */ = {isa = PBXBuildFile; fileRef = B05DE14528F475CB0082A662 /* SceneDelegate.swift */; };
		B05DE14B28F475CB0082A662 /* Main.storyboard in Resources */ = {isa = PBXBuildFile; fileRef = B05DE14928F475CB0082A662 /* Main.storyboard */; };
		B05DE14D28F475D20082A662 /* Assets.xcassets in Resources */ = {isa = PBXBuildFile; fileRef = B05DE14C28F475D20082A662 /* Assets.xcassets */; };
		B05DE15028F475D20082A662 /* LaunchScreen.storyboard in Resources */ = {isa = PBXBuildFile; fileRef = B05DE14E28F475D20082A662 /* LaunchScreen.storyboard */; };
		B05DE15928F47BE00082A662 /* GalleryCollectionViewController.swift in Sources */ = {isa = PBXBuildFile; fileRef = B05DE15828F47BE00082A662 /* GalleryCollectionViewController.swift */; };
		B05DE15B28F4804E0082A662 /* MediaCell.swift in Sources */ = {isa = PBXBuildFile; fileRef = B05DE15A28F4804E0082A662 /* MediaCell.swift */; };
		B05EF8242989A8FB00F05A96 /* ColorGradientSlider.swift in Sources */ = {isa = PBXBuildFile; fileRef = B05EF8232989A8FB00F05A96 /* ColorGradientSlider.swift */; };
		B05EF826298A952400F05A96 /* WidthSlider.swift in Sources */ = {isa = PBXBuildFile; fileRef = B05EF825298A952400F05A96 /* WidthSlider.swift */; };
		B05EF828298AC1FA00F05A96 /* RoundSegmentedControl.swift in Sources */ = {isa = PBXBuildFile; fileRef = B05EF827298AC1FA00F05A96 /* RoundSegmentedControl.swift */; };
		B08B6CA029A76915002748E9 /* Tool.swift in Sources */ = {isa = PBXBuildFile; fileRef = B08B6C9F29A76915002748E9 /* Tool.swift */; };
		B08B6CA229A7989E002748E9 /* ModelController.swift in Sources */ = {isa = PBXBuildFile; fileRef = B08B6CA129A7989E002748E9 /* ModelController.swift */; };
		B08B6CA629A9E427002748E9 /* DownnloadToRoundButton.swift in Sources */ = {isa = PBXBuildFile; fileRef = B08B6CA529A9E427002748E9 /* DownnloadToRoundButton.swift */; };
		B0A45FA0299765FE0063D74A /* ColorSpectrumView.swift in Sources */ = {isa = PBXBuildFile; fileRef = B0A45F9F299765FE0063D74A /* ColorSpectrumView.swift */; };
		B0A87A13298D4C77001C525A /* SegmentSliderView.swift in Sources */ = {isa = PBXBuildFile; fileRef = B0A87A12298D4C77001C525A /* SegmentSliderView.swift */; };
		B0A87A15298E77F7001C525A /* UIBezierPatheExtension.swift in Sources */ = {isa = PBXBuildFile; fileRef = B0A87A14298E77F6001C525A /* UIBezierPatheExtension.swift */; };
		B0A87A1729943977001C525A /* ColorOpacitySlider.swift in Sources */ = {isa = PBXBuildFile; fileRef = B0A87A1629943976001C525A /* ColorOpacitySlider.swift */; };
		B0A87A1929950113001C525A /* ToolsDrawCell.swift in Sources */ = {isa = PBXBuildFile; fileRef = B0A87A1829950112001C525A /* ToolsDrawCell.swift */; };
		B0B19B80299E5FE200BE2413 /* ColorSlidersView.swift in Sources */ = {isa = PBXBuildFile; fileRef = B0B19B7F299E5FE200BE2413 /* ColorSlidersView.swift */; };
		B0B19B82299E600A00BE2413 /* ColorSlidersView.xib in Resources */ = {isa = PBXBuildFile; fileRef = B0B19B81299E600A00BE2413 /* ColorSlidersView.xib */; };
		B0B19B85299E9FF900BE2413 /* ColorGridView.swift in Sources */ = {isa = PBXBuildFile; fileRef = B0B19B84299E9FF900BE2413 /* ColorGridView.swift */; };
		B0B19B8929A27DFA00BE2413 /* UIColorExtension.swift in Sources */ = {isa = PBXBuildFile; fileRef = B0B19B8829A27DFA00BE2413 /* UIColorExtension.swift */; };
		B0B19B8B29A38EF100BE2413 /* UIImageExtension.swift in Sources */ = {isa = PBXBuildFile; fileRef = B0B19B8A29A38EF100BE2413 /* UIImageExtension.swift */; };
		B0B19B9229A5088D00BE2413 /* Lottie in Frameworks */ = {isa = PBXBuildFile; productRef = B0B19B9129A5088D00BE2413 /* Lottie */; };
		B0B19B9429A5090A00BE2413 /* BackToCancelButton.swift in Sources */ = {isa = PBXBuildFile; fileRef = B0B19B9329A5090A00BE2413 /* BackToCancelButton.swift */; };
		B0B19B9629A509C400BE2413 /* backToCancel.json in Resources */ = {isa = PBXBuildFile; fileRef = B0B19B9529A509C400BE2413 /* backToCancel.json */; };
		B0B19B9829A509F900BE2413 /* duck.json in Resources */ = {isa = PBXBuildFile; fileRef = B0B19B9729A509F900BE2413 /* duck.json */; };
		B0B19B9A29A515AC00BE2413 /* DuckViewController.swift in Sources */ = {isa = PBXBuildFile; fileRef = B0B19B9929A515AC00BE2413 /* DuckViewController.swift */; };
		B0B1FF2C296EBA1B00C7A487 /* EditorViewController.swift in Sources */ = {isa = PBXBuildFile; fileRef = B0B1FF2B296EBA1B00C7A487 /* EditorViewController.swift */; };
		B0CAD10129ACD2E200124855 /* ToolsCollectionView.swift in Sources */ = {isa = PBXBuildFile; fileRef = B0CAD10029ACD2E200124855 /* ToolsCollectionView.swift */; };
/* End PBXBuildFile section */

/* Begin PBXFileReference section */
		B0063BB42986714400FE32AC /* SettingColorViewController.swift */ = {isa = PBXFileReference; lastKnownFileType = sourcecode.swift; path = SettingColorViewController.swift; sourceTree = "<group>"; };
		B0063BB62986739D00FE32AC /* SettingColorRGB.swift */ = {isa = PBXFileReference; lastKnownFileType = sourcecode.swift; path = SettingColorRGB.swift; sourceTree = "<group>"; };
		B00FDDC029867CC500F8F92F /* SF-Pro-Text-Semibold.otf */ = {isa = PBXFileReference; lastKnownFileType = file; path = "SF-Pro-Text-Semibold.otf"; sourceTree = "<group>"; };
		B00FDDC62986B94600F8F92F /* ColorPickerButton.swift */ = {isa = PBXFileReference; lastKnownFileType = sourcecode.swift; path = ColorPickerButton.swift; sourceTree = "<group>"; };
		B00FDDC829892D6500F8F92F /* BlurGradientView.swift */ = {isa = PBXFileReference; lastKnownFileType = sourcecode.swift; path = BlurGradientView.swift; sourceTree = "<group>"; };
		B02630802971CC26003E94AB /* ImageScrollView.swift */ = {isa = PBXFileReference; lastKnownFileType = sourcecode.swift; path = ImageScrollView.swift; sourceTree = "<group>"; };
		B05DE14028F475CB0082A662 /* MediaEditing.app */ = {isa = PBXFileReference; explicitFileType = wrapper.application; includeInIndex = 0; path = MediaEditing.app; sourceTree = BUILT_PRODUCTS_DIR; };
		B05DE14328F475CB0082A662 /* AppDelegate.swift */ = {isa = PBXFileReference; lastKnownFileType = sourcecode.swift; path = AppDelegate.swift; sourceTree = "<group>"; };
		B05DE14528F475CB0082A662 /* SceneDelegate.swift */ = {isa = PBXFileReference; lastKnownFileType = sourcecode.swift; path = SceneDelegate.swift; sourceTree = "<group>"; };
		B05DE14A28F475CB0082A662 /* Base */ = {isa = PBXFileReference; lastKnownFileType = file.storyboard; name = Base; path = Base.lproj/Main.storyboard; sourceTree = "<group>"; };
		B05DE14C28F475D20082A662 /* Assets.xcassets */ = {isa = PBXFileReference; lastKnownFileType = folder.assetcatalog; path = Assets.xcassets; sourceTree = "<group>"; };
		B05DE14F28F475D20082A662 /* Base */ = {isa = PBXFileReference; lastKnownFileType = file.storyboard; name = Base; path = Base.lproj/LaunchScreen.storyboard; sourceTree = "<group>"; };
		B05DE15128F475D20082A662 /* Info.plist */ = {isa = PBXFileReference; lastKnownFileType = text.plist.xml; name = Info.plist; path = MediaEditing/Info.plist; sourceTree = SOURCE_ROOT; };
		B05DE15828F47BE00082A662 /* GalleryCollectionViewController.swift */ = {isa = PBXFileReference; lastKnownFileType = sourcecode.swift; path = GalleryCollectionViewController.swift; sourceTree = "<group>"; };
		B05DE15A28F4804E0082A662 /* MediaCell.swift */ = {isa = PBXFileReference; lastKnownFileType = sourcecode.swift; path = MediaCell.swift; sourceTree = "<group>"; };
		B05EF8232989A8FB00F05A96 /* ColorGradientSlider.swift */ = {isa = PBXFileReference; lastKnownFileType = sourcecode.swift; path = ColorGradientSlider.swift; sourceTree = "<group>"; };
		B05EF825298A952400F05A96 /* WidthSlider.swift */ = {isa = PBXFileReference; lastKnownFileType = sourcecode.swift; path = WidthSlider.swift; sourceTree = "<group>"; };
		B05EF827298AC1FA00F05A96 /* RoundSegmentedControl.swift */ = {isa = PBXFileReference; lastKnownFileType = sourcecode.swift; path = RoundSegmentedControl.swift; sourceTree = "<group>"; };
		B08B6C9F29A76915002748E9 /* Tool.swift */ = {isa = PBXFileReference; lastKnownFileType = sourcecode.swift; path = Tool.swift; sourceTree = "<group>"; };
		B08B6CA129A7989E002748E9 /* ModelController.swift */ = {isa = PBXFileReference; lastKnownFileType = sourcecode.swift; path = ModelController.swift; sourceTree = "<group>"; };
		B08B6CA529A9E427002748E9 /* DownnloadToRoundButton.swift */ = {isa = PBXFileReference; lastKnownFileType = sourcecode.swift; path = DownnloadToRoundButton.swift; sourceTree = "<group>"; };
		B0A45F9F299765FE0063D74A /* ColorSpectrumView.swift */ = {isa = PBXFileReference; lastKnownFileType = sourcecode.swift; path = ColorSpectrumView.swift; sourceTree = "<group>"; };
		B0A87A12298D4C77001C525A /* SegmentSliderView.swift */ = {isa = PBXFileReference; fileEncoding = 4; lastKnownFileType = sourcecode.swift; path = SegmentSliderView.swift; sourceTree = "<group>"; };
		B0A87A14298E77F6001C525A /* UIBezierPatheExtension.swift */ = {isa = PBXFileReference; lastKnownFileType = sourcecode.swift; path = UIBezierPatheExtension.swift; sourceTree = "<group>"; };
		B0A87A1629943976001C525A /* ColorOpacitySlider.swift */ = {isa = PBXFileReference; fileEncoding = 4; lastKnownFileType = sourcecode.swift; path = ColorOpacitySlider.swift; sourceTree = "<group>"; };
		B0A87A1829950112001C525A /* ToolsDrawCell.swift */ = {isa = PBXFileReference; lastKnownFileType = sourcecode.swift; path = ToolsDrawCell.swift; sourceTree = "<group>"; };
		B0B19B7F299E5FE200BE2413 /* ColorSlidersView.swift */ = {isa = PBXFileReference; lastKnownFileType = sourcecode.swift; path = ColorSlidersView.swift; sourceTree = "<group>"; };
		B0B19B81299E600A00BE2413 /* ColorSlidersView.xib */ = {isa = PBXFileReference; lastKnownFileType = file.xib; path = ColorSlidersView.xib; sourceTree = "<group>"; };
		B0B19B84299E9FF900BE2413 /* ColorGridView.swift */ = {isa = PBXFileReference; fileEncoding = 4; lastKnownFileType = sourcecode.swift; path = ColorGridView.swift; sourceTree = "<group>"; };
		B0B19B8829A27DFA00BE2413 /* UIColorExtension.swift */ = {isa = PBXFileReference; lastKnownFileType = sourcecode.swift; path = UIColorExtension.swift; sourceTree = "<group>"; };
		B0B19B8A29A38EF100BE2413 /* UIImageExtension.swift */ = {isa = PBXFileReference; lastKnownFileType = sourcecode.swift; path = UIImageExtension.swift; sourceTree = "<group>"; };
		B0B19B9329A5090A00BE2413 /* BackToCancelButton.swift */ = {isa = PBXFileReference; lastKnownFileType = sourcecode.swift; path = BackToCancelButton.swift; sourceTree = "<group>"; };
		B0B19B9529A509C400BE2413 /* backToCancel.json */ = {isa = PBXFileReference; fileEncoding = 4; lastKnownFileType = text.json; path = backToCancel.json; sourceTree = "<group>"; };
		B0B19B9729A509F900BE2413 /* duck.json */ = {isa = PBXFileReference; fileEncoding = 4; lastKnownFileType = text.json; path = duck.json; sourceTree = "<group>"; };
		B0B19B9929A515AC00BE2413 /* DuckViewController.swift */ = {isa = PBXFileReference; lastKnownFileType = sourcecode.swift; path = DuckViewController.swift; sourceTree = "<group>"; };
		B0B1FF2B296EBA1B00C7A487 /* EditorViewController.swift */ = {isa = PBXFileReference; lastKnownFileType = sourcecode.swift; path = EditorViewController.swift; sourceTree = "<group>"; };
		B0CAD10029ACD2E200124855 /* ToolsCollectionView.swift */ = {isa = PBXFileReference; lastKnownFileType = sourcecode.swift; path = ToolsCollectionView.swift; sourceTree = "<group>"; };
/* End PBXFileReference section */

/* Begin PBXFrameworksBuildPhase section */
		B05DE13D28F475CB0082A662 /* Frameworks */ = {
			isa = PBXFrameworksBuildPhase;
			buildActionMask = 2147483647;
			files = (
				B0B19B9229A5088D00BE2413 /* Lottie in Frameworks */,
			);
			runOnlyForDeploymentPostprocessing = 0;
		};
/* End PBXFrameworksBuildPhase section */

/* Begin PBXGroup section */
		B00FDDC229867CCC00F8F92F /* fount */ = {
			isa = PBXGroup;
			children = (
				B00FDDC029867CC500F8F92F /* SF-Pro-Text-Semibold.otf */,
			);
			path = fount;
			sourceTree = "<group>";
		};
		B00FDDC32986AD7100F8F92F /* SettingColorScene */ = {
			isa = PBXGroup;
			children = (
				B0A45F9B299765350063D74A /* Model */,
				B0A45F9A2997652B0063D74A /* View */,
				B0A45F9C2997653F0063D74A /* Controller */,
			);
			path = SettingColorScene;
			sourceTree = "<group>";
		};
		B00FDDC42986B85600F8F92F /* View */ = {
			isa = PBXGroup;
			children = (
				B02630802971CC26003E94AB /* ImageScrollView.swift */,
				B0CAD10229ACEB5800124855 /* ToolsCollection */,
				B08B6CA529A9E427002748E9 /* DownnloadToRoundButton.swift */,
				B0B19B9329A5090A00BE2413 /* BackToCancelButton.swift */,
				B00FDDC62986B94600F8F92F /* ColorPickerButton.swift */,
				B00FDDC829892D6500F8F92F /* BlurGradientView.swift */,
				B0B19B7E299E5EA000BE2413 /* Segment + Slider */,
			);
			path = View;
			sourceTree = "<group>";
		};
		B00FDDC52986B86600F8F92F /* Controller */ = {
			isa = PBXGroup;
			children = (
				B0B1FF2B296EBA1B00C7A487 /* EditorViewController.swift */,
			);
			path = Controller;
			sourceTree = "<group>";
		};
		B05DE13728F475CB0082A662 = {
			isa = PBXGroup;
			children = (
				B05DE14228F475CB0082A662 /* MediaEditing */,
				B05DE14128F475CB0082A662 /* Products */,
			);
			sourceTree = "<group>";
		};
		B05DE14128F475CB0082A662 /* Products */ = {
			isa = PBXGroup;
			children = (
				B05DE14028F475CB0082A662 /* MediaEditing.app */,
			);
			name = Products;
			sourceTree = "<group>";
		};
		B05DE14228F475CB0082A662 /* MediaEditing */ = {
			isa = PBXGroup;
			children = (
				B05DE15728F47A550082A662 /* Delegate */,
				B05DE14E28F475D20082A662 /* LaunchScreen.storyboard */,
				B05DE14928F475CB0082A662 /* Main.storyboard */,
				B0CAD0FF29ACBBFF00124855 /* DuckScene */,
				B05DE15C28F48C7F0082A662 /* GallaryScene */,
				B0B1FF29296EB8DE00C7A487 /* EditorScene */,
				B00FDDC32986AD7100F8F92F /* SettingColorScene */,
				B0B19B7D299E5E4D00BE2413 /* Extension */,
				B05DE15128F475D20082A662 /* Info.plist */,
				B0B1FF26296EB84000C7A487 /* Support File */,
			);
			path = MediaEditing;
			sourceTree = "<group>";
		};
		B05DE15728F47A550082A662 /* Delegate */ = {
			isa = PBXGroup;
			children = (
				B05DE14328F475CB0082A662 /* AppDelegate.swift */,
				B05DE14528F475CB0082A662 /* SceneDelegate.swift */,
			);
			path = Delegate;
			sourceTree = "<group>";
		};
		B05DE15C28F48C7F0082A662 /* GallaryScene */ = {
			isa = PBXGroup;
			children = (
				B05DE15828F47BE00082A662 /* GalleryCollectionViewController.swift */,
				B05DE15A28F4804E0082A662 /* MediaCell.swift */,
			);
			path = GallaryScene;
			sourceTree = "<group>";
		};
		B08B6CA429A798B7002748E9 /* Model */ = {
			isa = PBXGroup;
			children = (
				B08B6CA129A7989E002748E9 /* ModelController.swift */,
				B08B6C9F29A76915002748E9 /* Tool.swift */,
			);
			path = Model;
			sourceTree = "<group>";
		};
		B0A45F9A2997652B0063D74A /* View */ = {
			isa = PBXGroup;
			children = (
				B0B19B84299E9FF900BE2413 /* ColorGridView.swift */,
				B0A45F9F299765FE0063D74A /* ColorSpectrumView.swift */,
				B0B19B83299E603C00BE2413 /* ColorSlidersView */,
				B0B19B7C299E5DDF00BE2413 /* Sliders */,
			);
			path = View;
			sourceTree = "<group>";
		};
		B0A45F9B299765350063D74A /* Model */ = {
			isa = PBXGroup;
			children = (
				B0063BB62986739D00FE32AC /* SettingColorRGB.swift */,
			);
			path = Model;
			sourceTree = "<group>";
		};
		B0A45F9C2997653F0063D74A /* Controller */ = {
			isa = PBXGroup;
			children = (
				B0063BB42986714400FE32AC /* SettingColorViewController.swift */,
			);
			path = Controller;
			sourceTree = "<group>";
		};
		B0B19B7C299E5DDF00BE2413 /* Sliders */ = {
			isa = PBXGroup;
			children = (
				B05EF8232989A8FB00F05A96 /* ColorGradientSlider.swift */,
				B0A87A1629943976001C525A /* ColorOpacitySlider.swift */,
			);
			path = Sliders;
			sourceTree = "<group>";
		};
		B0B19B7D299E5E4D00BE2413 /* Extension */ = {
			isa = PBXGroup;
			children = (
				B0A87A14298E77F6001C525A /* UIBezierPatheExtension.swift */,
				B0B19B8829A27DFA00BE2413 /* UIColorExtension.swift */,
				B0B19B8A29A38EF100BE2413 /* UIImageExtension.swift */,
			);
			path = Extension;
			sourceTree = "<group>";
		};
		B0B19B7E299E5EA000BE2413 /* Segment + Slider */ = {
			isa = PBXGroup;
			children = (
				B05EF825298A952400F05A96 /* WidthSlider.swift */,
				B05EF827298AC1FA00F05A96 /* RoundSegmentedControl.swift */,
				B0A87A12298D4C77001C525A /* SegmentSliderView.swift */,
			);
			path = "Segment + Slider";
			sourceTree = "<group>";
		};
		B0B19B83299E603C00BE2413 /* ColorSlidersView */ = {
			isa = PBXGroup;
			children = (
				B0B19B7F299E5FE200BE2413 /* ColorSlidersView.swift */,
				B0B19B81299E600A00BE2413 /* ColorSlidersView.xib */,
			);
			path = ColorSlidersView;
			sourceTree = "<group>";
		};
		B0B1FF26296EB84000C7A487 /* Support File */ = {
			isa = PBXGroup;
			children = (
				B0B19B9529A509C400BE2413 /* backToCancel.json */,
				B0B19B9729A509F900BE2413 /* duck.json */,
				B05DE14C28F475D20082A662 /* Assets.xcassets */,
				B00FDDC229867CCC00F8F92F /* fount */,
			);
			path = "Support File";
			sourceTree = "<group>";
		};
		B0B1FF29296EB8DE00C7A487 /* EditorScene */ = {
			isa = PBXGroup;
			children = (
				B08B6CA429A798B7002748E9 /* Model */,
				B00FDDC42986B85600F8F92F /* View */,
				B00FDDC52986B86600F8F92F /* Controller */,
			);
			path = EditorScene;
			sourceTree = "<group>";
		};
		B0CAD0FF29ACBBFF00124855 /* DuckScene */ = {
			isa = PBXGroup;
			children = (
				B0B19B9929A515AC00BE2413 /* DuckViewController.swift */,
			);
			path = DuckScene;
			sourceTree = "<group>";
		};
		B0CAD10229ACEB5800124855 /* ToolsCollection */ = {
			isa = PBXGroup;
			children = (
				B0CAD10029ACD2E200124855 /* ToolsCollectionView.swift */,
				B0A87A1829950112001C525A /* ToolsDrawCell.swift */,
			);
			path = ToolsCollection;
			sourceTree = "<group>";
		};
/* End PBXGroup section */

/* Begin PBXNativeTarget section */
		B05DE13F28F475CB0082A662 /* MediaEditing */ = {
			isa = PBXNativeTarget;
			buildConfigurationList = B05DE15428F475D20082A662 /* Build configuration list for PBXNativeTarget "MediaEditing" */;
			buildPhases = (
				B05DE13C28F475CB0082A662 /* Sources */,
				B05DE13D28F475CB0082A662 /* Frameworks */,
				B05DE13E28F475CB0082A662 /* Resources */,
			);
			buildRules = (
			);
			dependencies = (
			);
			name = MediaEditing;
			packageProductDependencies = (
				B0B19B9129A5088D00BE2413 /* Lottie */,
			);
			productName = MediaEditing;
			productReference = B05DE14028F475CB0082A662 /* MediaEditing.app */;
			productType = "com.apple.product-type.application";
		};
/* End PBXNativeTarget section */

/* Begin PBXProject section */
		B05DE13828F475CB0082A662 /* Project object */ = {
			isa = PBXProject;
			attributes = {
				BuildIndependentTargetsInParallel = 1;
				LastSwiftUpdateCheck = 1320;
				LastUpgradeCheck = 1320;
				TargetAttributes = {
					B05DE13F28F475CB0082A662 = {
						CreatedOnToolsVersion = 13.2.1;
					};
				};
			};
			buildConfigurationList = B05DE13B28F475CB0082A662 /* Build configuration list for PBXProject "MediaEditing" */;
			compatibilityVersion = "Xcode 13.0";
			developmentRegion = en;
			hasScannedForEncodings = 0;
			knownRegions = (
				en,
				Base,
			);
			mainGroup = B05DE13728F475CB0082A662;
			packageReferences = (
				B0B19B9029A5088D00BE2413 /* XCRemoteSwiftPackageReference "lottie-ios" */,
			);
			productRefGroup = B05DE14128F475CB0082A662 /* Products */;
			projectDirPath = "";
			projectRoot = "";
			targets = (
				B05DE13F28F475CB0082A662 /* MediaEditing */,
			);
		};
/* End PBXProject section */

/* Begin PBXResourcesBuildPhase section */
		B05DE13E28F475CB0082A662 /* Resources */ = {
			isa = PBXResourcesBuildPhase;
			buildActionMask = 2147483647;
			files = (
				B00FDDC129867CC500F8F92F /* SF-Pro-Text-Semibold.otf in Resources */,
				B0B19B9629A509C400BE2413 /* backToCancel.json in Resources */,
				B05DE15028F475D20082A662 /* LaunchScreen.storyboard in Resources */,
				B0B19B82299E600A00BE2413 /* ColorSlidersView.xib in Resources */,
				B05DE14D28F475D20082A662 /* Assets.xcassets in Resources */,
				B05DE14B28F475CB0082A662 /* Main.storyboard in Resources */,
				B0B19B9829A509F900BE2413 /* duck.json in Resources */,
			);
			runOnlyForDeploymentPostprocessing = 0;
		};
/* End PBXResourcesBuildPhase section */

/* Begin PBXSourcesBuildPhase section */
		B05DE13C28F475CB0082A662 /* Sources */ = {
			isa = PBXSourcesBuildPhase;
			buildActionMask = 2147483647;
			files = (
				B0A87A1929950113001C525A /* ToolsDrawCell.swift in Sources */,
				B05DE14428F475CB0082A662 /* AppDelegate.swift in Sources */,
				B02630812971CC26003E94AB /* ImageScrollView.swift in Sources */,
				B0A45FA0299765FE0063D74A /* ColorSpectrumView.swift in Sources */,
				B05DE15928F47BE00082A662 /* GalleryCollectionViewController.swift in Sources */,
				B08B6CA229A7989E002748E9 /* ModelController.swift in Sources */,
				B08B6CA629A9E427002748E9 /* DownnloadToRoundButton.swift in Sources */,
				B0063BB52986714400FE32AC /* SettingColorViewController.swift in Sources */,
				B0B19B85299E9FF900BE2413 /* ColorGridView.swift in Sources */,
				B0063BB72986739D00FE32AC /* SettingColorRGB.swift in Sources */,
				B0B19B8929A27DFA00BE2413 /* UIColorExtension.swift in Sources */,
				B0B19B9429A5090A00BE2413 /* BackToCancelButton.swift in Sources */,
				B0CAD10129ACD2E200124855 /* ToolsCollectionView.swift in Sources */,
				B05DE15B28F4804E0082A662 /* MediaCell.swift in Sources */,
				B00FDDC72986B94600F8F92F /* ColorPickerButton.swift in Sources */,
				B0B19B80299E5FE200BE2413 /* ColorSlidersView.swift in Sources */,
				B05EF826298A952400F05A96 /* WidthSlider.swift in Sources */,
				B0A87A15298E77F7001C525A /* UIBezierPatheExtension.swift in Sources */,
				B0B1FF2C296EBA1B00C7A487 /* EditorViewController.swift in Sources */,
				B0B19B8B29A38EF100BE2413 /* UIImageExtension.swift in Sources */,
				B0B19B9A29A515AC00BE2413 /* DuckViewController.swift in Sources */,
				B05EF828298AC1FA00F05A96 /* RoundSegmentedControl.swift in Sources */,
				B08B6CA029A76915002748E9 /* Tool.swift in Sources */,
				B0A87A13298D4C77001C525A /* SegmentSliderView.swift in Sources */,
				B05DE14628F475CB0082A662 /* SceneDelegate.swift in Sources */,
				B00FDDC929892D6500F8F92F /* BlurGradientView.swift in Sources */,
				B0A87A1729943977001C525A /* ColorOpacitySlider.swift in Sources */,
				B05EF8242989A8FB00F05A96 /* ColorGradientSlider.swift in Sources */,
			);
			runOnlyForDeploymentPostprocessing = 0;
		};
/* End PBXSourcesBuildPhase section */

/* Begin PBXVariantGroup section */
		B05DE14928F475CB0082A662 /* Main.storyboard */ = {
			isa = PBXVariantGroup;
			children = (
				B05DE14A28F475CB0082A662 /* Base */,
			);
			name = Main.storyboard;
			sourceTree = "<group>";
		};
		B05DE14E28F475D20082A662 /* LaunchScreen.storyboard */ = {
			isa = PBXVariantGroup;
			children = (
				B05DE14F28F475D20082A662 /* Base */,
			);
			name = LaunchScreen.storyboard;
			sourceTree = "<group>";
		};
/* End PBXVariantGroup section */

/* Begin XCBuildConfiguration section */
		B05DE15228F475D20082A662 /* Debug */ = {
			isa = XCBuildConfiguration;
			buildSettings = {
				ALWAYS_SEARCH_USER_PATHS = NO;
				CLANG_ANALYZER_NONNULL = YES;
				CLANG_ANALYZER_NUMBER_OBJECT_CONVERSION = YES_AGGRESSIVE;
				CLANG_CXX_LANGUAGE_STANDARD = "gnu++17";
				CLANG_CXX_LIBRARY = "libc++";
				CLANG_ENABLE_MODULES = YES;
				CLANG_ENABLE_OBJC_ARC = YES;
				CLANG_ENABLE_OBJC_WEAK = YES;
				CLANG_WARN_BLOCK_CAPTURE_AUTORELEASING = YES;
				CLANG_WARN_BOOL_CONVERSION = YES;
				CLANG_WARN_COMMA = YES;
				CLANG_WARN_CONSTANT_CONVERSION = YES;
				CLANG_WARN_DEPRECATED_OBJC_IMPLEMENTATIONS = YES;
				CLANG_WARN_DIRECT_OBJC_ISA_USAGE = YES_ERROR;
				CLANG_WARN_DOCUMENTATION_COMMENTS = YES;
				CLANG_WARN_EMPTY_BODY = YES;
				CLANG_WARN_ENUM_CONVERSION = YES;
				CLANG_WARN_INFINITE_RECURSION = YES;
				CLANG_WARN_INT_CONVERSION = YES;
				CLANG_WARN_NON_LITERAL_NULL_CONVERSION = YES;
				CLANG_WARN_OBJC_IMPLICIT_RETAIN_SELF = YES;
				CLANG_WARN_OBJC_LITERAL_CONVERSION = YES;
				CLANG_WARN_OBJC_ROOT_CLASS = YES_ERROR;
				CLANG_WARN_QUOTED_INCLUDE_IN_FRAMEWORK_HEADER = YES;
				CLANG_WARN_RANGE_LOOP_ANALYSIS = YES;
				CLANG_WARN_STRICT_PROTOTYPES = YES;
				CLANG_WARN_SUSPICIOUS_MOVE = YES;
				CLANG_WARN_UNGUARDED_AVAILABILITY = YES_AGGRESSIVE;
				CLANG_WARN_UNREACHABLE_CODE = YES;
				CLANG_WARN__DUPLICATE_METHOD_MATCH = YES;
				COPY_PHASE_STRIP = NO;
				DEBUG_INFORMATION_FORMAT = dwarf;
				ENABLE_STRICT_OBJC_MSGSEND = YES;
				ENABLE_TESTABILITY = YES;
				GCC_C_LANGUAGE_STANDARD = gnu11;
				GCC_DYNAMIC_NO_PIC = NO;
				GCC_NO_COMMON_BLOCKS = YES;
				GCC_OPTIMIZATION_LEVEL = 0;
				GCC_PREPROCESSOR_DEFINITIONS = (
					"DEBUG=1",
					"$(inherited)",
				);
				GCC_WARN_64_TO_32_BIT_CONVERSION = YES;
				GCC_WARN_ABOUT_RETURN_TYPE = YES_ERROR;
				GCC_WARN_UNDECLARED_SELECTOR = YES;
				GCC_WARN_UNINITIALIZED_AUTOS = YES_AGGRESSIVE;
				GCC_WARN_UNUSED_FUNCTION = YES;
				GCC_WARN_UNUSED_VARIABLE = YES;
				IPHONEOS_DEPLOYMENT_TARGET = 13.0;
				MTL_ENABLE_DEBUG_INFO = INCLUDE_SOURCE;
				MTL_FAST_MATH = YES;
				ONLY_ACTIVE_ARCH = YES;
				SDKROOT = iphoneos;
				SWIFT_ACTIVE_COMPILATION_CONDITIONS = DEBUG;
				SWIFT_OPTIMIZATION_LEVEL = "-Onone";
			};
			name = Debug;
		};
		B05DE15328F475D20082A662 /* Release */ = {
			isa = XCBuildConfiguration;
			buildSettings = {
				ALWAYS_SEARCH_USER_PATHS = NO;
				CLANG_ANALYZER_NONNULL = YES;
				CLANG_ANALYZER_NUMBER_OBJECT_CONVERSION = YES_AGGRESSIVE;
				CLANG_CXX_LANGUAGE_STANDARD = "gnu++17";
				CLANG_CXX_LIBRARY = "libc++";
				CLANG_ENABLE_MODULES = YES;
				CLANG_ENABLE_OBJC_ARC = YES;
				CLANG_ENABLE_OBJC_WEAK = YES;
				CLANG_WARN_BLOCK_CAPTURE_AUTORELEASING = YES;
				CLANG_WARN_BOOL_CONVERSION = YES;
				CLANG_WARN_COMMA = YES;
				CLANG_WARN_CONSTANT_CONVERSION = YES;
				CLANG_WARN_DEPRECATED_OBJC_IMPLEMENTATIONS = YES;
				CLANG_WARN_DIRECT_OBJC_ISA_USAGE = YES_ERROR;
				CLANG_WARN_DOCUMENTATION_COMMENTS = YES;
				CLANG_WARN_EMPTY_BODY = YES;
				CLANG_WARN_ENUM_CONVERSION = YES;
				CLANG_WARN_INFINITE_RECURSION = YES;
				CLANG_WARN_INT_CONVERSION = YES;
				CLANG_WARN_NON_LITERAL_NULL_CONVERSION = YES;
				CLANG_WARN_OBJC_IMPLICIT_RETAIN_SELF = YES;
				CLANG_WARN_OBJC_LITERAL_CONVERSION = YES;
				CLANG_WARN_OBJC_ROOT_CLASS = YES_ERROR;
				CLANG_WARN_QUOTED_INCLUDE_IN_FRAMEWORK_HEADER = YES;
				CLANG_WARN_RANGE_LOOP_ANALYSIS = YES;
				CLANG_WARN_STRICT_PROTOTYPES = YES;
				CLANG_WARN_SUSPICIOUS_MOVE = YES;
				CLANG_WARN_UNGUARDED_AVAILABILITY = YES_AGGRESSIVE;
				CLANG_WARN_UNREACHABLE_CODE = YES;
				CLANG_WARN__DUPLICATE_METHOD_MATCH = YES;
				COPY_PHASE_STRIP = NO;
				DEBUG_INFORMATION_FORMAT = "dwarf-with-dsym";
				ENABLE_NS_ASSERTIONS = NO;
				ENABLE_STRICT_OBJC_MSGSEND = YES;
				GCC_C_LANGUAGE_STANDARD = gnu11;
				GCC_NO_COMMON_BLOCKS = YES;
				GCC_WARN_64_TO_32_BIT_CONVERSION = YES;
				GCC_WARN_ABOUT_RETURN_TYPE = YES_ERROR;
				GCC_WARN_UNDECLARED_SELECTOR = YES;
				GCC_WARN_UNINITIALIZED_AUTOS = YES_AGGRESSIVE;
				GCC_WARN_UNUSED_FUNCTION = YES;
				GCC_WARN_UNUSED_VARIABLE = YES;
				IPHONEOS_DEPLOYMENT_TARGET = 13.0;
				MTL_ENABLE_DEBUG_INFO = NO;
				MTL_FAST_MATH = YES;
				SDKROOT = iphoneos;
				SWIFT_COMPILATION_MODE = wholemodule;
				SWIFT_OPTIMIZATION_LEVEL = "-O";
				VALIDATE_PRODUCT = YES;
			};
			name = Release;
		};
		B05DE15528F475D20082A662 /* Debug */ = {
			isa = XCBuildConfiguration;
			buildSettings = {
				ASSETCATALOG_COMPILER_APPICON_NAME = AppIcon;
				ASSETCATALOG_COMPILER_GLOBAL_ACCENT_COLOR_NAME = AccentColor;
				CODE_SIGN_STYLE = Automatic;
				CURRENT_PROJECT_VERSION = 1;
				DEVELOPMENT_TEAM = VJ7AN5PN54;
				GENERATE_INFOPLIST_FILE = YES;
				INFOPLIST_FILE = MediaEditing/Info.plist;
				INFOPLIST_KEY_NSPhotoLibraryUsageDescription = "Разрешите доступ к фото";
				INFOPLIST_KEY_UIApplicationSupportsIndirectInputEvents = YES;
				INFOPLIST_KEY_UILaunchStoryboardName = LaunchScreen;
				INFOPLIST_KEY_UIMainStoryboardFile = Main;
				INFOPLIST_KEY_UIStatusBarStyle = UIStatusBarStyleLightContent;
				INFOPLIST_KEY_UISupportedInterfaceOrientations = "UIInterfaceOrientationPortrait UIInterfaceOrientationPortraitUpsideDown";
				INFOPLIST_KEY_UISupportedInterfaceOrientations_iPad = "UIInterfaceOrientationLandscapeLeft UIInterfaceOrientationLandscapeRight UIInterfaceOrientationPortrait UIInterfaceOrientationPortraitUpsideDown";
				IPHONEOS_DEPLOYMENT_TARGET = 13.0;
				LD_RUNPATH_SEARCH_PATHS = (
					"$(inherited)",
					"@executable_path/Frameworks",
				);
				MARKETING_VERSION = 1.0;
				PRODUCT_BUNDLE_IDENTIFIER = com.Serfodi.MediaEditing;
				PRODUCT_NAME = "$(TARGET_NAME)";
				SUPPORTED_PLATFORMS = "iphoneos iphonesimulator";
				SUPPORTS_MACCATALYST = NO;
				SUPPORTS_MAC_DESIGNED_FOR_IPHONE_IPAD = NO;
				SWIFT_EMIT_LOC_STRINGS = YES;
				SWIFT_VERSION = 5.0;
				TARGETED_DEVICE_FAMILY = 1;
			};
			name = Debug;
		};
		B05DE15628F475D20082A662 /* Release */ = {
			isa = XCBuildConfiguration;
			buildSettings = {
				ASSETCATALOG_COMPILER_APPICON_NAME = AppIcon;
				ASSETCATALOG_COMPILER_GLOBAL_ACCENT_COLOR_NAME = AccentColor;
				CODE_SIGN_STYLE = Automatic;
				CURRENT_PROJECT_VERSION = 1;
				DEVELOPMENT_TEAM = VJ7AN5PN54;
				GENERATE_INFOPLIST_FILE = YES;
				INFOPLIST_FILE = MediaEditing/Info.plist;
				INFOPLIST_KEY_NSPhotoLibraryUsageDescription = "Разрешите доступ к фото";
				INFOPLIST_KEY_UIApplicationSupportsIndirectInputEvents = YES;
				INFOPLIST_KEY_UILaunchStoryboardName = LaunchScreen;
				INFOPLIST_KEY_UIMainStoryboardFile = Main;
				INFOPLIST_KEY_UIStatusBarStyle = UIStatusBarStyleLightContent;
				INFOPLIST_KEY_UISupportedInterfaceOrientations = "UIInterfaceOrientationPortrait UIInterfaceOrientationPortraitUpsideDown";
				INFOPLIST_KEY_UISupportedInterfaceOrientations_iPad = "UIInterfaceOrientationLandscapeLeft UIInterfaceOrientationLandscapeRight UIInterfaceOrientationPortrait UIInterfaceOrientationPortraitUpsideDown";
				IPHONEOS_DEPLOYMENT_TARGET = 13.0;
				LD_RUNPATH_SEARCH_PATHS = (
					"$(inherited)",
					"@executable_path/Frameworks",
				);
				MARKETING_VERSION = 1.0;
				PRODUCT_BUNDLE_IDENTIFIER = com.Serfodi.MediaEditing;
				PRODUCT_NAME = "$(TARGET_NAME)";
				SUPPORTED_PLATFORMS = "iphoneos iphonesimulator";
				SUPPORTS_MACCATALYST = NO;
				SUPPORTS_MAC_DESIGNED_FOR_IPHONE_IPAD = NO;
				SWIFT_EMIT_LOC_STRINGS = YES;
				SWIFT_VERSION = 5.0;
				TARGETED_DEVICE_FAMILY = 1;
			};
			name = Release;
		};
/* End XCBuildConfiguration section */

/* Begin XCConfigurationList section */
		B05DE13B28F475CB0082A662 /* Build configuration list for PBXProject "MediaEditing" */ = {
			isa = XCConfigurationList;
			buildConfigurations = (
				B05DE15228F475D20082A662 /* Debug */,
				B05DE15328F475D20082A662 /* Release */,
			);
			defaultConfigurationIsVisible = 0;
			defaultConfigurationName = Release;
		};
		B05DE15428F475D20082A662 /* Build configuration list for PBXNativeTarget "MediaEditing" */ = {
			isa = XCConfigurationList;
			buildConfigurations = (
				B05DE15528F475D20082A662 /* Debug */,
				B05DE15628F475D20082A662 /* Release */,
			);
			defaultConfigurationIsVisible = 0;
			defaultConfigurationName = Release;
		};
/* End XCConfigurationList section */

/* Begin XCRemoteSwiftPackageReference section */
		B0B19B9029A5088D00BE2413 /* XCRemoteSwiftPackageReference "lottie-ios" */ = {
			isa = XCRemoteSwiftPackageReference;
			repositoryURL = "https://github.com/LottieFiles/lottie-ios";
			requirement = {
				kind = upToNextMajorVersion;
				minimumVersion = 3.0.0;
			};
		};
/* End XCRemoteSwiftPackageReference section */

/* Begin XCSwiftPackageProductDependency section */
		B0B19B9129A5088D00BE2413 /* Lottie */ = {
			isa = XCSwiftPackageProductDependency;
			package = B0B19B9029A5088D00BE2413 /* XCRemoteSwiftPackageReference "lottie-ios" */;
			productName = Lottie;
		};
/* End XCSwiftPackageProductDependency section */
	};
	rootObject = B05DE13828F475CB0082A662 /* Project object */;
}
